
Microsoft Visual Studio Solution File, Format Version 12.00
# Visual Studio Version 16
VisualStudioVersion = 16.0.31025.194
MinimumVisualStudioVersion = 10.0.40219.1
Project("{FAE04EC0-301F-11D3-BF4B-00C04F79EFBC}") = "Shop.Server", "Shop.Server\Shop.Server.csproj", "{918A1C62-58C5-4CE6-86AA-2CE1D37E3E12}"
EndProject
Project("{FAE04EC0-301F-11D3-BF4B-00C04F79EFBC}") = "Shop.Client", "..\Shop.Client\Shop.Client.csproj", "{557BCEBD-6D51-4DFA-95D7-2748CA295F33}"
EndProject
Project("{FAE04EC0-301F-11D3-BF4B-00C04F79EFBC}") = "Shop.Model", "..\Shop.Model\Shop.Model.csproj", "{C1F79DE3-B1E5-4651-BA59-7425944C794B}"
EndProject
Global
	GlobalSection(SolutionConfigurationPlatforms) = preSolution
		Debug|Any CPU = Debug|Any CPU
		Release|Any CPU = Release|Any CPU
	EndGlobalSection
	GlobalSection(ProjectConfigurationPlatforms) = postSolution
		{918A1C62-58C5-4CE6-86AA-2CE1D37E3E12}.Debug|Any CPU.ActiveCfg = Debug|Any CPU
		{918A1C62-58C5-4CE6-86AA-2CE1D37E3E12}.Debug|Any CPU.Build.0 = Debug|Any CPU
		{918A1C62-58C5-4CE6-86AA-2CE1D37E3E12}.Release|Any CPU.ActiveCfg = Release|Any CPU
		{918A1C62-58C5-4CE6-86AA-2CE1D37E3E12}.Release|Any CPU.Build.0 = Release|Any CPU
		{557BCEBD-6D51-4DFA-95D7-2748CA295F33}.Debug|Any CPU.ActiveCfg = Debug|Any CPU
		{557BCEBD-6D51-4DFA-95D7-2748CA295F33}.Debug|Any CPU.Build.0 = Debug|Any CPU
		{557BCEBD-6D51-4DFA-95D7-2748CA295F33}.Release|Any CPU.ActiveCfg = Release|Any CPU
		{557BCEBD-6D51-4DFA-95D7-2748CA295F33}.Release|Any CPU.Build.0 = Release|Any CPU
		{C1F79DE3-B1E5-4651-BA59-7425944C794B}.Debug|Any CPU.ActiveCfg = Debug|Any CPU
		{C1F79DE3-B1E5-4651-BA59-7425944C794B}.Debug|Any CPU.Build.0 = Debug|Any CPU
		{C1F79DE3-B1E5-4651-BA59-7425944C794B}.Release|Any CPU.ActiveCfg = Release|Any CPU
		{C1F79DE3-B1E5-4651-BA59-7425944C794B}.Release|Any CPU.Build.0 = Release|Any CPU
	EndGlobalSection
	GlobalSection(SolutionProperties) = preSolution
		HideSolutionNode = FALSE
	EndGlobalSection
	GlobalSection(ExtensibilityGlobals) = postSolution
		SolutionGuid = {88A0DC5E-15E9-46E2-9206-182ADDB586E3}
	EndGlobalSection
EndGlobal
